
Microsoft Visual Studio Solution File, Format Version 12.00
# Visual Studio Version 17
VisualStudioVersion = 17.9.34723.18
MinimumVisualStudioVersion = 10.0.40219.1
Project("{9A19103F-16F7-4668-BE54-9A1E7A4F7556}") = "YZKDotnetCore.ConsoleApp", "YZKDotnetCore.ConsoleApp\YZKDotnetCore.ConsoleApp.csproj", "{A3442E96-3B62-4292-94D7-883EB918184A}"
EndProject
Project("{2150E333-8FDC-42A3-9474-1A3956D46DE8}") = "Documents", "Documents", "{0AB15B42-6440-4671-8CC0-CACFB458C1B9}"
	ProjectSection(SolutionItems) = preProject
		dotnettrainingbatch4.sql = dotnettrainingbatch4.sql
	EndProjectSection
EndProject
Project("{9A19103F-16F7-4668-BE54-9A1E7A4F7556}") = "Yznk.WebApi", "Yznk.WebApi\Yznk.WebApi.csproj", "{65522101-38C7-407A-AC78-62EAF63A8F15}"
EndProject
Project("{9A19103F-16F7-4668-BE54-9A1E7A4F7556}") = "Yzk.share", "Yzk.share\Yzk.share.csproj", "{77AA783D-251D-4CA7-A0D8-E0AA51C0DE7C}"
EndProject
Project("{9A19103F-16F7-4668-BE54-9A1E7A4F7556}") = "Yzk.RestApiwithNlayer", "Yzk.RestApiwithNlayer\Yzk.RestApiwithNlayer.csproj", "{401D8337-B511-4EFC-AD27-4C015C53A9F6}"
EndProject
Project("{9A19103F-16F7-4668-BE54-9A1E7A4F7556}") = "Yzk.ConsoleAppHttpClientExample", "Yzk.ConsoleAppHttpClientExample\Yzk.ConsoleAppHttpClientExample.csproj", "{20DE1503-5897-4BE2-90AE-1798383ED1D4}"
EndProject
Project("{9A19103F-16F7-4668-BE54-9A1E7A4F7556}") = "Yzk.ConsoleAppRestClientExample", "Yzk.ConsoleAppRestClientExample\Yzk.ConsoleAppRestClientExample.csproj", "{EA7FAE4A-FA0E-4601-B36F-5E2F903D14A6}"
EndProject
Project("{9A19103F-16F7-4668-BE54-9A1E7A4F7556}") = "YzkProject.ConsoleAppHttpClient", "YzkProject.ConsoleAppHttpClient\YzkProject.ConsoleAppHttpClient.csproj", "{5E768528-F3B9-4039-ABF5-2E1F8C3F5D47}"
EndProject
Project("{9A19103F-16F7-4668-BE54-9A1E7A4F7556}") = "Yzk.pizzaApi", "Yzk.pizzaApi\Yzk.pizzaApi.csproj", "{E6B55D51-0BF9-44DD-BAE7-78A33A37E1DE}"
EndProject
Project("{9A19103F-16F7-4668-BE54-9A1E7A4F7556}") = "Yzk.ConsoleAppRefitExample", "Yzk.ConsoleAppRefitExample\Yzk.ConsoleAppRefitExample.csproj", "{2E26849C-91DC-43FD-9FFF-7406B0296184}"
EndProject
Project("{9A19103F-16F7-4668-BE54-9A1E7A4F7556}") = "Yzk.WinFormsApp", "Yzk.WinFormsApp\Yzk.WinFormsApp.csproj", "{92A8F1C9-CFC2-41D3-A63D-DD62E6FCEC23}"
EndProject
Project("{9A19103F-16F7-4668-BE54-9A1E7A4F7556}") = "Yzk.WinFormsAppSqlinjection", "Yzk.WinFormsAppSqlinjection\Yzk.WinFormsAppSqlinjection.csproj", "{99B25CFA-7507-4D18-8EF0-E922F1FF080F}"
EndProject
Project("{9A19103F-16F7-4668-BE54-9A1E7A4F7556}") = "Yzk.Nlayer.Ui", "Yzk.Nlayer.Ui\Yzk.Nlayer.Ui.csproj", "{A2421168-D06F-4CE7-BB4C-DC96F2FA65DB}"
EndProject
Project("{9A19103F-16F7-4668-BE54-9A1E7A4F7556}") = "Yzk.Nllayer.BusinessLogic", "Yzk.Nllayer.BusinessLogic\Yzk.Nllayer.BusinessLogic.csproj", "{4CBCEF3D-5BF4-47AD-AF93-58262125DC25}"
EndProject
Project("{FAE04EC0-301F-11D3-BF4B-00C04F79EFBC}") = "YZKDotnetCore.NLayer.DataAccess", "YZKDotnetCore.NLayer.DataAccess\YZKDotnetCore.NLayer.DataAccess.csproj", "{5B62C9B8-BD3C-4042-BF23-44CA6B3327DF}"
EndProject
Global
	GlobalSection(SolutionConfigurationPlatforms) = preSolution
		Debug|Any CPU = Debug|Any CPU
		Release|Any CPU = Release|Any CPU
	EndGlobalSection
	GlobalSection(ProjectConfigurationPlatforms) = postSolution
		{A3442E96-3B62-4292-94D7-883EB918184A}.Debug|Any CPU.ActiveCfg = Debug|Any CPU
		{A3442E96-3B62-4292-94D7-883EB918184A}.Debug|Any CPU.Build.0 = Debug|Any CPU
		{A3442E96-3B62-4292-94D7-883EB918184A}.Release|Any CPU.ActiveCfg = Release|Any CPU
		{A3442E96-3B62-4292-94D7-883EB918184A}.Release|Any CPU.Build.0 = Release|Any CPU
		{65522101-38C7-407A-AC78-62EAF63A8F15}.Debug|Any CPU.ActiveCfg = Debug|Any CPU
		{65522101-38C7-407A-AC78-62EAF63A8F15}.Debug|Any CPU.Build.0 = Debug|Any CPU
		{65522101-38C7-407A-AC78-62EAF63A8F15}.Release|Any CPU.ActiveCfg = Release|Any CPU
		{65522101-38C7-407A-AC78-62EAF63A8F15}.Release|Any CPU.Build.0 = Release|Any CPU
		{77AA783D-251D-4CA7-A0D8-E0AA51C0DE7C}.Debug|Any CPU.ActiveCfg = Debug|Any CPU
		{77AA783D-251D-4CA7-A0D8-E0AA51C0DE7C}.Debug|Any CPU.Build.0 = Debug|Any CPU
		{77AA783D-251D-4CA7-A0D8-E0AA51C0DE7C}.Release|Any CPU.ActiveCfg = Release|Any CPU
		{77AA783D-251D-4CA7-A0D8-E0AA51C0DE7C}.Release|Any CPU.Build.0 = Release|Any CPU
		{401D8337-B511-4EFC-AD27-4C015C53A9F6}.Debug|Any CPU.ActiveCfg = Debug|Any CPU
		{401D8337-B511-4EFC-AD27-4C015C53A9F6}.Debug|Any CPU.Build.0 = Debug|Any CPU
		{401D8337-B511-4EFC-AD27-4C015C53A9F6}.Release|Any CPU.ActiveCfg = Release|Any CPU
		{401D8337-B511-4EFC-AD27-4C015C53A9F6}.Release|Any CPU.Build.0 = Release|Any CPU
		{20DE1503-5897-4BE2-90AE-1798383ED1D4}.Debug|Any CPU.ActiveCfg = Debug|Any CPU
		{20DE1503-5897-4BE2-90AE-1798383ED1D4}.Debug|Any CPU.Build.0 = Debug|Any CPU
		{20DE1503-5897-4BE2-90AE-1798383ED1D4}.Release|Any CPU.ActiveCfg = Release|Any CPU
		{20DE1503-5897-4BE2-90AE-1798383ED1D4}.Release|Any CPU.Build.0 = Release|Any CPU
		{EA7FAE4A-FA0E-4601-B36F-5E2F903D14A6}.Debug|Any CPU.ActiveCfg = Debug|Any CPU
		{EA7FAE4A-FA0E-4601-B36F-5E2F903D14A6}.Debug|Any CPU.Build.0 = Debug|Any CPU
		{EA7FAE4A-FA0E-4601-B36F-5E2F903D14A6}.Release|Any CPU.ActiveCfg = Release|Any CPU
		{EA7FAE4A-FA0E-4601-B36F-5E2F903D14A6}.Release|Any CPU.Build.0 = Release|Any CPU
		{5E768528-F3B9-4039-ABF5-2E1F8C3F5D47}.Debug|Any CPU.ActiveCfg = Debug|Any CPU
		{5E768528-F3B9-4039-ABF5-2E1F8C3F5D47}.Debug|Any CPU.Build.0 = Debug|Any CPU
		{5E768528-F3B9-4039-ABF5-2E1F8C3F5D47}.Release|Any CPU.ActiveCfg = Release|Any CPU
		{5E768528-F3B9-4039-ABF5-2E1F8C3F5D47}.Release|Any CPU.Build.0 = Release|Any CPU
		{E6B55D51-0BF9-44DD-BAE7-78A33A37E1DE}.Debug|Any CPU.ActiveCfg = Debug|Any CPU
		{E6B55D51-0BF9-44DD-BAE7-78A33A37E1DE}.Debug|Any CPU.Build.0 = Debug|Any CPU
		{E6B55D51-0BF9-44DD-BAE7-78A33A37E1DE}.Release|Any CPU.ActiveCfg = Release|Any CPU
		{E6B55D51-0BF9-44DD-BAE7-78A33A37E1DE}.Release|Any CPU.Build.0 = Release|Any CPU
		{2E26849C-91DC-43FD-9FFF-7406B0296184}.Debug|Any CPU.ActiveCfg = Debug|Any CPU
		{2E26849C-91DC-43FD-9FFF-7406B0296184}.Debug|Any CPU.Build.0 = Debug|Any CPU
		{2E26849C-91DC-43FD-9FFF-7406B0296184}.Release|Any CPU.ActiveCfg = Release|Any CPU
		{2E26849C-91DC-43FD-9FFF-7406B0296184}.Release|Any CPU.Build.0 = Release|Any CPU
		{92A8F1C9-CFC2-41D3-A63D-DD62E6FCEC23}.Debug|Any CPU.ActiveCfg = Debug|Any CPU
		{92A8F1C9-CFC2-41D3-A63D-DD62E6FCEC23}.Debug|Any CPU.Build.0 = Debug|Any CPU
		{92A8F1C9-CFC2-41D3-A63D-DD62E6FCEC23}.Release|Any CPU.ActiveCfg = Release|Any CPU
		{92A8F1C9-CFC2-41D3-A63D-DD62E6FCEC23}.Release|Any CPU.Build.0 = Release|Any CPU
		{99B25CFA-7507-4D18-8EF0-E922F1FF080F}.Debug|Any CPU.ActiveCfg = Debug|Any CPU
		{99B25CFA-7507-4D18-8EF0-E922F1FF080F}.Debug|Any CPU.Build.0 = Debug|Any CPU
		{99B25CFA-7507-4D18-8EF0-E922F1FF080F}.Release|Any CPU.ActiveCfg = Release|Any CPU
		{99B25CFA-7507-4D18-8EF0-E922F1FF080F}.Release|Any CPU.Build.0 = Release|Any CPU
		{A2421168-D06F-4CE7-BB4C-DC96F2FA65DB}.Debug|Any CPU.ActiveCfg = Debug|Any CPU
		{A2421168-D06F-4CE7-BB4C-DC96F2FA65DB}.Debug|Any CPU.Build.0 = Debug|Any CPU
		{A2421168-D06F-4CE7-BB4C-DC96F2FA65DB}.Release|Any CPU.ActiveCfg = Release|Any CPU
		{A2421168-D06F-4CE7-BB4C-DC96F2FA65DB}.Release|Any CPU.Build.0 = Release|Any CPU
		{4CBCEF3D-5BF4-47AD-AF93-58262125DC25}.Debug|Any CPU.ActiveCfg = Debug|Any CPU
		{4CBCEF3D-5BF4-47AD-AF93-58262125DC25}.Debug|Any CPU.Build.0 = Debug|Any CPU
		{4CBCEF3D-5BF4-47AD-AF93-58262125DC25}.Release|Any CPU.ActiveCfg = Release|Any CPU
		{4CBCEF3D-5BF4-47AD-AF93-58262125DC25}.Release|Any CPU.Build.0 = Release|Any CPU
		{5B62C9B8-BD3C-4042-BF23-44CA6B3327DF}.Debug|Any CPU.ActiveCfg = Debug|Any CPU
		{5B62C9B8-BD3C-4042-BF23-44CA6B3327DF}.Debug|Any CPU.Build.0 = Debug|Any CPU
		{5B62C9B8-BD3C-4042-BF23-44CA6B3327DF}.Release|Any CPU.ActiveCfg = Release|Any CPU
		{5B62C9B8-BD3C-4042-BF23-44CA6B3327DF}.Release|Any CPU.Build.0 = Release|Any CPU
	EndGlobalSection
	GlobalSection(SolutionProperties) = preSolution
		HideSolutionNode = FALSE
	EndGlobalSection
	GlobalSection(ExtensibilityGlobals) = postSolution
		SolutionGuid = {5C85A88A-3513-4A38-970E-7A26E9BAB3DF}
	EndGlobalSection
EndGlobal
