
Microsoft Visual Studio Solution File, Format Version 12.00
# Visual Studio Version 17
VisualStudioVersion = 17.9.34723.18
MinimumVisualStudioVersion = 10.0.40219.1
Project("{9A19103F-16F7-4668-BE54-9A1E7A4F7556}") = "YZKDotnetCore.ConsoleApp", "YZKDotnetCore.ConsoleApp\YZKDotnetCore.ConsoleApp.csproj", "{A3442E96-3B62-4292-94D7-883EB918184A}"
EndProject
Project("{2150E333-8FDC-42A3-9474-1A3956D46DE8}") = "Documents", "Documents", "{0AB15B42-6440-4671-8CC0-CACFB458C1B9}"
	ProjectSection(SolutionItems) = preProject
		dotnettrainingbatch4.sql = dotnettrainingbatch4.sql
	EndProjectSection
EndProject
Project("{9A19103F-16F7-4668-BE54-9A1E7A4F7556}") = "Yznk.WebApi", "Yznk.WebApi\Yznk.WebApi.csproj", "{65522101-38C7-407A-AC78-62EAF63A8F15}"
EndProject
Project("{FAE04EC0-301F-11D3-BF4B-00C04F79EFBC}") = "Yzk.share", "Yzk.share\Yzk.share.csproj", "{77AA783D-251D-4CA7-A0D8-E0AA51C0DE7C}"
EndProject
Global
	GlobalSection(SolutionConfigurationPlatforms) = preSolution
		Debug|Any CPU = Debug|Any CPU
		Release|Any CPU = Release|Any CPU
	EndGlobalSection
	GlobalSection(ProjectConfigurationPlatforms) = postSolution
		{A3442E96-3B62-4292-94D7-883EB918184A}.Debug|Any CPU.ActiveCfg = Debug|Any CPU
		{A3442E96-3B62-4292-94D7-883EB918184A}.Debug|Any CPU.Build.0 = Debug|Any CPU
		{A3442E96-3B62-4292-94D7-883EB918184A}.Release|Any CPU.ActiveCfg = Release|Any CPU
		{A3442E96-3B62-4292-94D7-883EB918184A}.Release|Any CPU.Build.0 = Release|Any CPU
		{65522101-38C7-407A-AC78-62EAF63A8F15}.Debug|Any CPU.ActiveCfg = Debug|Any CPU
		{65522101-38C7-407A-AC78-62EAF63A8F15}.Debug|Any CPU.Build.0 = Debug|Any CPU
		{65522101-38C7-407A-AC78-62EAF63A8F15}.Release|Any CPU.ActiveCfg = Release|Any CPU
		{65522101-38C7-407A-AC78-62EAF63A8F15}.Release|Any CPU.Build.0 = Release|Any CPU
		{77AA783D-251D-4CA7-A0D8-E0AA51C0DE7C}.Debug|Any CPU.ActiveCfg = Debug|Any CPU
		{77AA783D-251D-4CA7-A0D8-E0AA51C0DE7C}.Debug|Any CPU.Build.0 = Debug|Any CPU
		{77AA783D-251D-4CA7-A0D8-E0AA51C0DE7C}.Release|Any CPU.ActiveCfg = Release|Any CPU
		{77AA783D-251D-4CA7-A0D8-E0AA51C0DE7C}.Release|Any CPU.Build.0 = Release|Any CPU
	EndGlobalSection
	GlobalSection(SolutionProperties) = preSolution
		HideSolutionNode = FALSE
	EndGlobalSection
	GlobalSection(ExtensibilityGlobals) = postSolution
		SolutionGuid = {5C85A88A-3513-4A38-970E-7A26E9BAB3DF}
	EndGlobalSection
EndGlobal
